
Microsoft Visual Studio Solution File, Format Version 12.00
# Visual Studio Version 17
VisualStudioVersion = 17.6.33801.468
MinimumVisualStudioVersion = 10.0.40219.1
Project("{FAE04EC0-301F-11D3-BF4B-00C04F79EFBC}") = "AbolfazlIslami_HW", "AbolfazlIslami_HW\AbolfazlIslami_HW.csproj", "{CFF6D9D1-5C2A-4C0A-B516-104A0227C689}"
EndProject
Project("{FAE04EC0-301F-11D3-BF4B-00C04F79EFBC}") = "ValidAnagram", "ValidAnagram\ValidAnagram.csproj", "{0CE7A797-55F2-4927-B5B4-6A2F47D8810B}"
EndProject
Project("{FAE04EC0-301F-11D3-BF4B-00C04F79EFBC}") = "AddDigits", "AddDigits\AddDigits.csproj", "{395FD2FD-DE1D-4FA6-A992-80FC24422EB4}"
EndProject
Project("{FAE04EC0-301F-11D3-BF4B-00C04F79EFBC}") = "IsUgly", "IsUgly\IsUgly.csproj", "{9D9659FB-0CF9-47B2-8E2C-938840AB0A01}"
EndProject
Project("{FAE04EC0-301F-11D3-BF4B-00C04F79EFBC}") = "MoveZeroes", "MoveZeroes\MoveZeroes.csproj", "{90693516-7A27-4485-AC89-28F0696214E2}"
EndProject
Project("{FAE04EC0-301F-11D3-BF4B-00C04F79EFBC}") = "WordPattern", "WordPattern\WordPattern.csproj", "{DBB93EC4-60A2-43CE-96E4-057688C0837B}"
EndProject
Project("{FAE04EC0-301F-11D3-BF4B-00C04F79EFBC}") = "MoveZeros_array", "MoveZeros_array\MoveZeros_array.csproj", "{A7E11D1D-1D24-48E0-BFC2-D6C5C4DE7862}"
EndProject
Global
	GlobalSection(SolutionConfigurationPlatforms) = preSolution
		Debug|Any CPU = Debug|Any CPU
		Release|Any CPU = Release|Any CPU
	EndGlobalSection
	GlobalSection(ProjectConfigurationPlatforms) = postSolution
		{CFF6D9D1-5C2A-4C0A-B516-104A0227C689}.Debug|Any CPU.ActiveCfg = Debug|Any CPU
		{CFF6D9D1-5C2A-4C0A-B516-104A0227C689}.Debug|Any CPU.Build.0 = Debug|Any CPU
		{CFF6D9D1-5C2A-4C0A-B516-104A0227C689}.Release|Any CPU.ActiveCfg = Release|Any CPU
		{CFF6D9D1-5C2A-4C0A-B516-104A0227C689}.Release|Any CPU.Build.0 = Release|Any CPU
		{0CE7A797-55F2-4927-B5B4-6A2F47D8810B}.Debug|Any CPU.ActiveCfg = Debug|Any CPU
		{0CE7A797-55F2-4927-B5B4-6A2F47D8810B}.Debug|Any CPU.Build.0 = Debug|Any CPU
		{0CE7A797-55F2-4927-B5B4-6A2F47D8810B}.Release|Any CPU.ActiveCfg = Release|Any CPU
		{0CE7A797-55F2-4927-B5B4-6A2F47D8810B}.Release|Any CPU.Build.0 = Release|Any CPU
		{395FD2FD-DE1D-4FA6-A992-80FC24422EB4}.Debug|Any CPU.ActiveCfg = Debug|Any CPU
		{395FD2FD-DE1D-4FA6-A992-80FC24422EB4}.Debug|Any CPU.Build.0 = Debug|Any CPU
		{395FD2FD-DE1D-4FA6-A992-80FC24422EB4}.Release|Any CPU.ActiveCfg = Release|Any CPU
		{395FD2FD-DE1D-4FA6-A992-80FC24422EB4}.Release|Any CPU.Build.0 = Release|Any CPU
		{9D9659FB-0CF9-47B2-8E2C-938840AB0A01}.Debug|Any CPU.ActiveCfg = Debug|Any CPU
		{9D9659FB-0CF9-47B2-8E2C-938840AB0A01}.Debug|Any CPU.Build.0 = Debug|Any CPU
		{9D9659FB-0CF9-47B2-8E2C-938840AB0A01}.Release|Any CPU.ActiveCfg = Release|Any CPU
		{9D9659FB-0CF9-47B2-8E2C-938840AB0A01}.Release|Any CPU.Build.0 = Release|Any CPU
		{90693516-7A27-4485-AC89-28F0696214E2}.Debug|Any CPU.ActiveCfg = Debug|Any CPU
		{90693516-7A27-4485-AC89-28F0696214E2}.Debug|Any CPU.Build.0 = Debug|Any CPU
		{90693516-7A27-4485-AC89-28F0696214E2}.Release|Any CPU.ActiveCfg = Release|Any CPU
		{90693516-7A27-4485-AC89-28F0696214E2}.Release|Any CPU.Build.0 = Release|Any CPU
		{DBB93EC4-60A2-43CE-96E4-057688C0837B}.Debug|Any CPU.ActiveCfg = Debug|Any CPU
		{DBB93EC4-60A2-43CE-96E4-057688C0837B}.Debug|Any CPU.Build.0 = Debug|Any CPU
		{DBB93EC4-60A2-43CE-96E4-057688C0837B}.Release|Any CPU.ActiveCfg = Release|Any CPU
		{DBB93EC4-60A2-43CE-96E4-057688C0837B}.Release|Any CPU.Build.0 = Release|Any CPU
		{A7E11D1D-1D24-48E0-BFC2-D6C5C4DE7862}.Debug|Any CPU.ActiveCfg = Debug|Any CPU
		{A7E11D1D-1D24-48E0-BFC2-D6C5C4DE7862}.Debug|Any CPU.Build.0 = Debug|Any CPU
		{A7E11D1D-1D24-48E0-BFC2-D6C5C4DE7862}.Release|Any CPU.ActiveCfg = Release|Any CPU
		{A7E11D1D-1D24-48E0-BFC2-D6C5C4DE7862}.Release|Any CPU.Build.0 = Release|Any CPU
	EndGlobalSection
	GlobalSection(SolutionProperties) = preSolution
		HideSolutionNode = FALSE
	EndGlobalSection
	GlobalSection(ExtensibilityGlobals) = postSolution
		SolutionGuid = {355C544D-0351-4DE5-BD88-2068EA70029E}
	EndGlobalSection
EndGlobal
